// !$*UTF8*$!
{
	archiveVersion = 1;
	classes = {
	};
	objectVersion = 56;
	objects = {

/* Begin PBXBuildFile section */
		4181358F2AE80B9400BF5628 /* MainViewController+CollectionView.swift in Sources */ = {isa = PBXBuildFile; fileRef = 4181358E2AE80B9400BF5628 /* MainViewController+CollectionView.swift */; };
		418135932AEE9C9C00BF5628 /* VideosViewController.swift in Sources */ = {isa = PBXBuildFile; fileRef = 418135912AEE9C9C00BF5628 /* VideosViewController.swift */; };
		418135942AEE9C9C00BF5628 /* VideosViewController.xib in Resources */ = {isa = PBXBuildFile; fileRef = 418135922AEE9C9C00BF5628 /* VideosViewController.xib */; };
		418135972AF0652B00BF5628 /* MainWordsCollectionViewCell.swift in Sources */ = {isa = PBXBuildFile; fileRef = 418135952AF0652B00BF5628 /* MainWordsCollectionViewCell.swift */; };
		418135982AF0652B00BF5628 /* MainWordsCollectionViewCell.xib in Resources */ = {isa = PBXBuildFile; fileRef = 418135962AF0652B00BF5628 /* MainWordsCollectionViewCell.xib */; };
		41E02E7A2AE711E50055513D /* AppDelegate.swift in Sources */ = {isa = PBXBuildFile; fileRef = 41E02E792AE711E50055513D /* AppDelegate.swift */; };
		41E02E7C2AE711E50055513D /* SceneDelegate.swift in Sources */ = {isa = PBXBuildFile; fileRef = 41E02E7B2AE711E50055513D /* SceneDelegate.swift */; };
		41E02E832AE711E70055513D /* Assets.xcassets in Resources */ = {isa = PBXBuildFile; fileRef = 41E02E822AE711E70055513D /* Assets.xcassets */; };
		41E02E862AE711E70055513D /* LaunchScreen.storyboard in Resources */ = {isa = PBXBuildFile; fileRef = 41E02E842AE711E70055513D /* LaunchScreen.storyboard */; };
		41E02E8F2AE7F3540055513D /* MainViewController.swift in Sources */ = {isa = PBXBuildFile; fileRef = 41E02E8D2AE7F3540055513D /* MainViewController.swift */; };
		41E02E902AE7F3540055513D /* MainViewController.xib in Resources */ = {isa = PBXBuildFile; fileRef = 41E02E8E2AE7F3540055513D /* MainViewController.xib */; };
		41E02E9B2AE7F3F10055513D /* APICaller.swift in Sources */ = {isa = PBXBuildFile; fileRef = 41E02E9A2AE7F3F10055513D /* APICaller.swift */; };
		41E02E9D2AE7F4040055513D /* NetworkConstant.swift in Sources */ = {isa = PBXBuildFile; fileRef = 41E02E9C2AE7F4040055513D /* NetworkConstant.swift */; };
		41E02E9F2AE802010055513D /* UIView+Extensions.swift in Sources */ = {isa = PBXBuildFile; fileRef = 41E02E9E2AE802010055513D /* UIView+Extensions.swift */; };
/* End PBXBuildFile section */

/* Begin PBXFileReference section */
		4181358E2AE80B9400BF5628 /* MainViewController+CollectionView.swift */ = {isa = PBXFileReference; lastKnownFileType = sourcecode.swift; path = "MainViewController+CollectionView.swift"; sourceTree = "<group>"; };
		418135912AEE9C9C00BF5628 /* VideosViewController.swift */ = {isa = PBXFileReference; lastKnownFileType = sourcecode.swift; path = VideosViewController.swift; sourceTree = "<group>"; };
		418135922AEE9C9C00BF5628 /* VideosViewController.xib */ = {isa = PBXFileReference; lastKnownFileType = file.xib; path = VideosViewController.xib; sourceTree = "<group>"; };
		418135952AF0652B00BF5628 /* MainWordsCollectionViewCell.swift */ = {isa = PBXFileReference; lastKnownFileType = sourcecode.swift; path = MainWordsCollectionViewCell.swift; sourceTree = "<group>"; };
		418135962AF0652B00BF5628 /* MainWordsCollectionViewCell.xib */ = {isa = PBXFileReference; lastKnownFileType = file.xib; path = MainWordsCollectionViewCell.xib; sourceTree = "<group>"; };
		41E02E762AE711E50055513D /* FoodTube.app */ = {isa = PBXFileReference; explicitFileType = wrapper.application; includeInIndex = 0; path = FoodTube.app; sourceTree = BUILT_PRODUCTS_DIR; };
		41E02E792AE711E50055513D /* AppDelegate.swift */ = {isa = PBXFileReference; lastKnownFileType = sourcecode.swift; path = AppDelegate.swift; sourceTree = "<group>"; };
		41E02E7B2AE711E50055513D /* SceneDelegate.swift */ = {isa = PBXFileReference; lastKnownFileType = sourcecode.swift; path = SceneDelegate.swift; sourceTree = "<group>"; };
		41E02E822AE711E70055513D /* Assets.xcassets */ = {isa = PBXFileReference; lastKnownFileType = folder.assetcatalog; path = Assets.xcassets; sourceTree = "<group>"; };
		41E02E852AE711E70055513D /* Base */ = {isa = PBXFileReference; lastKnownFileType = file.storyboard; name = Base; path = Base.lproj/LaunchScreen.storyboard; sourceTree = "<group>"; };
		41E02E872AE711E70055513D /* Info.plist */ = {isa = PBXFileReference; lastKnownFileType = text.plist.xml; path = Info.plist; sourceTree = "<group>"; };
		41E02E8D2AE7F3540055513D /* MainViewController.swift */ = {isa = PBXFileReference; lastKnownFileType = sourcecode.swift; path = MainViewController.swift; sourceTree = "<group>"; };
		41E02E8E2AE7F3540055513D /* MainViewController.xib */ = {isa = PBXFileReference; lastKnownFileType = file.xib; path = MainViewController.xib; sourceTree = "<group>"; };
		41E02E9A2AE7F3F10055513D /* APICaller.swift */ = {isa = PBXFileReference; lastKnownFileType = sourcecode.swift; path = APICaller.swift; sourceTree = "<group>"; };
		41E02E9C2AE7F4040055513D /* NetworkConstant.swift */ = {isa = PBXFileReference; lastKnownFileType = sourcecode.swift; path = NetworkConstant.swift; sourceTree = "<group>"; };
		41E02E9E2AE802010055513D /* UIView+Extensions.swift */ = {isa = PBXFileReference; lastKnownFileType = sourcecode.swift; path = "UIView+Extensions.swift"; sourceTree = "<group>"; };
/* End PBXFileReference section */

/* Begin PBXFrameworksBuildPhase section */
		41E02E732AE711E50055513D /* Frameworks */ = {
			isa = PBXFrameworksBuildPhase;
			buildActionMask = 2147483647;
			files = (
			);
			runOnlyForDeploymentPostprocessing = 0;
		};
/* End PBXFrameworksBuildPhase section */

/* Begin PBXGroup section */
		418135872AE80A2200BF5628 /* MainWordsCell */ = {
			isa = PBXGroup;
			children = (
				418135952AF0652B00BF5628 /* MainWordsCollectionViewCell.swift */,
				418135962AF0652B00BF5628 /* MainWordsCollectionViewCell.xib */,
			);
			path = MainWordsCell;
			sourceTree = "<group>";
		};
		418135902AEE9C7800BF5628 /* VideosViewController */ = {
			isa = PBXGroup;
			children = (
				418135912AEE9C9C00BF5628 /* VideosViewController.swift */,
				418135922AEE9C9C00BF5628 /* VideosViewController.xib */,
			);
			path = VideosViewController;
			sourceTree = "<group>";
		};
		41E02E6D2AE711E50055513D = {
			isa = PBXGroup;
			children = (
				41E02E782AE711E50055513D /* FoodTube */,
				41E02E772AE711E50055513D /* Products */,
			);
			sourceTree = "<group>";
		};
		41E02E772AE711E50055513D /* Products */ = {
			isa = PBXGroup;
			children = (
				41E02E762AE711E50055513D /* FoodTube.app */,
			);
			name = Products;
			sourceTree = "<group>";
		};
		41E02E782AE711E50055513D /* FoodTube */ = {
			isa = PBXGroup;
			children = (
				41E02E912AE7F37E0055513D /* Networking */,
				41E02E982AE7F39D0055513D /* Controllers */,
				41E02E972AE7F3940055513D /* Model */,
				41E02E962AE7F3920055513D /* View */,
				41E02E952AE7F38D0055513D /* ViewModel */,
				41E02E932AE7F3850055513D /* Extensions */,
				41E02E922AE7F3830055513D /* Classes */,
				41E02E942AE7F3880055513D /* Resources */,
				41E02E792AE711E50055513D /* AppDelegate.swift */,
				41E02E7B2AE711E50055513D /* SceneDelegate.swift */,
				41E02E842AE711E70055513D /* LaunchScreen.storyboard */,
				41E02E872AE711E70055513D /* Info.plist */,
			);
			path = FoodTube;
			sourceTree = "<group>";
		};
		41E02E912AE7F37E0055513D /* Networking */ = {
			isa = PBXGroup;
			children = (
				41E02E9A2AE7F3F10055513D /* APICaller.swift */,
				41E02E9C2AE7F4040055513D /* NetworkConstant.swift */,
			);
			path = Networking;
			sourceTree = "<group>";
		};
		41E02E922AE7F3830055513D /* Classes */ = {
			isa = PBXGroup;
			children = (
			);
			path = Classes;
			sourceTree = "<group>";
		};
		41E02E932AE7F3850055513D /* Extensions */ = {
			isa = PBXGroup;
			children = (
				41E02E9E2AE802010055513D /* UIView+Extensions.swift */,
			);
			path = Extensions;
			sourceTree = "<group>";
		};
		41E02E942AE7F3880055513D /* Resources */ = {
			isa = PBXGroup;
			children = (
				41E02E822AE711E70055513D /* Assets.xcassets */,
			);
			path = Resources;
			sourceTree = "<group>";
		};
		41E02E952AE7F38D0055513D /* ViewModel */ = {
			isa = PBXGroup;
			children = (
			);
			path = ViewModel;
			sourceTree = "<group>";
		};
		41E02E962AE7F3920055513D /* View */ = {
			isa = PBXGroup;
			children = (
				418135872AE80A2200BF5628 /* MainWordsCell */,
			);
			path = View;
			sourceTree = "<group>";
		};
		41E02E972AE7F3940055513D /* Model */ = {
			isa = PBXGroup;
			children = (
			);
			path = Model;
			sourceTree = "<group>";
		};
		41E02E982AE7F39D0055513D /* Controllers */ = {
			isa = PBXGroup;
			children = (
				418135902AEE9C7800BF5628 /* VideosViewController */,
				41E02E992AE7F3A70055513D /* MainViewController */,
			);
			path = Controllers;
			sourceTree = "<group>";
		};
		41E02E992AE7F3A70055513D /* MainViewController */ = {
			isa = PBXGroup;
			children = (
				41E02E8D2AE7F3540055513D /* MainViewController.swift */,
				41E02E8E2AE7F3540055513D /* MainViewController.xib */,
				4181358E2AE80B9400BF5628 /* MainViewController+CollectionView.swift */,
			);
			path = MainViewController;
			sourceTree = "<group>";
		};
/* End PBXGroup section */

/* Begin PBXNativeTarget section */
		41E02E752AE711E50055513D /* FoodTube */ = {
			isa = PBXNativeTarget;
			buildConfigurationList = 41E02E8A2AE711E70055513D /* Build configuration list for PBXNativeTarget "FoodTube" */;
			buildPhases = (
				41E02E722AE711E50055513D /* Sources */,
				41E02E732AE711E50055513D /* Frameworks */,
				41E02E742AE711E50055513D /* Resources */,
			);
			buildRules = (
			);
			dependencies = (
			);
			name = FoodTube;
			productName = FoodTube;
			productReference = 41E02E762AE711E50055513D /* FoodTube.app */;
			productType = "com.apple.product-type.application";
		};
/* End PBXNativeTarget section */

/* Begin PBXProject section */
		41E02E6E2AE711E50055513D /* Project object */ = {
			isa = PBXProject;
			attributes = {
				BuildIndependentTargetsInParallel = 1;
				LastSwiftUpdateCheck = 1500;
				LastUpgradeCheck = 1500;
				TargetAttributes = {
					41E02E752AE711E50055513D = {
						CreatedOnToolsVersion = 15.0.1;
					};
				};
			};
			buildConfigurationList = 41E02E712AE711E50055513D /* Build configuration list for PBXProject "FoodTube" */;
			compatibilityVersion = "Xcode 14.0";
			developmentRegion = en;
			hasScannedForEncodings = 0;
			knownRegions = (
				en,
				Base,
			);
			mainGroup = 41E02E6D2AE711E50055513D;
			productRefGroup = 41E02E772AE711E50055513D /* Products */;
			projectDirPath = "";
			projectRoot = "";
			targets = (
				41E02E752AE711E50055513D /* FoodTube */,
			);
		};
/* End PBXProject section */

/* Begin PBXResourcesBuildPhase section */
		41E02E742AE711E50055513D /* Resources */ = {
			isa = PBXResourcesBuildPhase;
			buildActionMask = 2147483647;
			files = (
				41E02E862AE711E70055513D /* LaunchScreen.storyboard in Resources */,
				41E02E902AE7F3540055513D /* MainViewController.xib in Resources */,
				41E02E832AE711E70055513D /* Assets.xcassets in Resources */,
				418135942AEE9C9C00BF5628 /* VideosViewController.xib in Resources */,
				418135982AF0652B00BF5628 /* MainWordsCollectionViewCell.xib in Resources */,
			);
			runOnlyForDeploymentPostprocessing = 0;
		};
/* End PBXResourcesBuildPhase section */

/* Begin PBXSourcesBuildPhase section */
		41E02E722AE711E50055513D /* Sources */ = {
			isa = PBXSourcesBuildPhase;
			buildActionMask = 2147483647;
			files = (
				4181358F2AE80B9400BF5628 /* MainViewController+CollectionView.swift in Sources */,
				41E02E9F2AE802010055513D /* UIView+Extensions.swift in Sources */,
				418135972AF0652B00BF5628 /* MainWordsCollectionViewCell.swift in Sources */,
				41E02E8F2AE7F3540055513D /* MainViewController.swift in Sources */,
				41E02E7A2AE711E50055513D /* AppDelegate.swift in Sources */,
				41E02E7C2AE711E50055513D /* SceneDelegate.swift in Sources */,
				41E02E9D2AE7F4040055513D /* NetworkConstant.swift in Sources */,
				41E02E9B2AE7F3F10055513D /* APICaller.swift in Sources */,
				418135932AEE9C9C00BF5628 /* VideosViewController.swift in Sources */,
			);
			runOnlyForDeploymentPostprocessing = 0;
		};
/* End PBXSourcesBuildPhase section */

/* Begin PBXVariantGroup section */
		41E02E842AE711E70055513D /* LaunchScreen.storyboard */ = {
			isa = PBXVariantGroup;
			children = (
				41E02E852AE711E70055513D /* Base */,
			);
			name = LaunchScreen.storyboard;
			sourceTree = "<group>";
		};
/* End PBXVariantGroup section */

/* Begin XCBuildConfiguration section */
		41E02E882AE711E70055513D /* Debug */ = {
			isa = XCBuildConfiguration;
			buildSettings = {
				ALWAYS_SEARCH_USER_PATHS = NO;
				ASSETCATALOG_COMPILER_GENERATE_SWIFT_ASSET_SYMBOL_EXTENSIONS = YES;
				CLANG_ANALYZER_NONNULL = YES;
				CLANG_ANALYZER_NUMBER_OBJECT_CONVERSION = YES_AGGRESSIVE;
				CLANG_CXX_LANGUAGE_STANDARD = "gnu++20";
				CLANG_ENABLE_MODULES = YES;
				CLANG_ENABLE_OBJC_ARC = YES;
				CLANG_ENABLE_OBJC_WEAK = YES;
				CLANG_WARN_BLOCK_CAPTURE_AUTORELEASING = YES;
				CLANG_WARN_BOOL_CONVERSION = YES;
				CLANG_WARN_COMMA = YES;
				CLANG_WARN_CONSTANT_CONVERSION = YES;
				CLANG_WARN_DEPRECATED_OBJC_IMPLEMENTATIONS = YES;
				CLANG_WARN_DIRECT_OBJC_ISA_USAGE = YES_ERROR;
				CLANG_WARN_DOCUMENTATION_COMMENTS = YES;
				CLANG_WARN_EMPTY_BODY = YES;
				CLANG_WARN_ENUM_CONVERSION = YES;
				CLANG_WARN_INFINITE_RECURSION = YES;
				CLANG_WARN_INT_CONVERSION = YES;
				CLANG_WARN_NON_LITERAL_NULL_CONVERSION = YES;
				CLANG_WARN_OBJC_IMPLICIT_RETAIN_SELF = YES;
				CLANG_WARN_OBJC_LITERAL_CONVERSION = YES;
				CLANG_WARN_OBJC_ROOT_CLASS = YES_ERROR;
				CLANG_WARN_QUOTED_INCLUDE_IN_FRAMEWORK_HEADER = YES;
				CLANG_WARN_RANGE_LOOP_ANALYSIS = YES;
				CLANG_WARN_STRICT_PROTOTYPES = YES;
				CLANG_WARN_SUSPICIOUS_MOVE = YES;
				CLANG_WARN_UNGUARDED_AVAILABILITY = YES_AGGRESSIVE;
				CLANG_WARN_UNREACHABLE_CODE = YES;
				CLANG_WARN__DUPLICATE_METHOD_MATCH = YES;
				COPY_PHASE_STRIP = NO;
				DEBUG_INFORMATION_FORMAT = dwarf;
				ENABLE_STRICT_OBJC_MSGSEND = YES;
				ENABLE_TESTABILITY = YES;
				ENABLE_USER_SCRIPT_SANDBOXING = YES;
				GCC_C_LANGUAGE_STANDARD = gnu17;
				GCC_DYNAMIC_NO_PIC = NO;
				GCC_NO_COMMON_BLOCKS = YES;
				GCC_OPTIMIZATION_LEVEL = 0;
				GCC_PREPROCESSOR_DEFINITIONS = (
					"DEBUG=1",
					"$(inherited)",
				);
				GCC_WARN_64_TO_32_BIT_CONVERSION = YES;
				GCC_WARN_ABOUT_RETURN_TYPE = YES_ERROR;
				GCC_WARN_UNDECLARED_SELECTOR = YES;
				GCC_WARN_UNINITIALIZED_AUTOS = YES_AGGRESSIVE;
				GCC_WARN_UNUSED_FUNCTION = YES;
				GCC_WARN_UNUSED_VARIABLE = YES;
				IPHONEOS_DEPLOYMENT_TARGET = 17.0;
				LOCALIZATION_PREFERS_STRING_CATALOGS = YES;
				MTL_ENABLE_DEBUG_INFO = INCLUDE_SOURCE;
				MTL_FAST_MATH = YES;
				ONLY_ACTIVE_ARCH = YES;
				SDKROOT = iphoneos;
				SWIFT_ACTIVE_COMPILATION_CONDITIONS = "DEBUG $(inherited)";
				SWIFT_OPTIMIZATION_LEVEL = "-Onone";
			};
			name = Debug;
		};
		41E02E892AE711E70055513D /* Release */ = {
			isa = XCBuildConfiguration;
			buildSettings = {
				ALWAYS_SEARCH_USER_PATHS = NO;
				ASSETCATALOG_COMPILER_GENERATE_SWIFT_ASSET_SYMBOL_EXTENSIONS = YES;
				CLANG_ANALYZER_NONNULL = YES;
				CLANG_ANALYZER_NUMBER_OBJECT_CONVERSION = YES_AGGRESSIVE;
				CLANG_CXX_LANGUAGE_STANDARD = "gnu++20";
				CLANG_ENABLE_MODULES = YES;
				CLANG_ENABLE_OBJC_ARC = YES;
				CLANG_ENABLE_OBJC_WEAK = YES;
				CLANG_WARN_BLOCK_CAPTURE_AUTORELEASING = YES;
				CLANG_WARN_BOOL_CONVERSION = YES;
				CLANG_WARN_COMMA = YES;
				CLANG_WARN_CONSTANT_CONVERSION = YES;
				CLANG_WARN_DEPRECATED_OBJC_IMPLEMENTATIONS = YES;
				CLANG_WARN_DIRECT_OBJC_ISA_USAGE = YES_ERROR;
				CLANG_WARN_DOCUMENTATION_COMMENTS = YES;
				CLANG_WARN_EMPTY_BODY = YES;
				CLANG_WARN_ENUM_CONVERSION = YES;
				CLANG_WARN_INFINITE_RECURSION = YES;
				CLANG_WARN_INT_CONVERSION = YES;
				CLANG_WARN_NON_LITERAL_NULL_CONVERSION = YES;
				CLANG_WARN_OBJC_IMPLICIT_RETAIN_SELF = YES;
				CLANG_WARN_OBJC_LITERAL_CONVERSION = YES;
				CLANG_WARN_OBJC_ROOT_CLASS = YES_ERROR;
				CLANG_WARN_QUOTED_INCLUDE_IN_FRAMEWORK_HEADER = YES;
				CLANG_WARN_RANGE_LOOP_ANALYSIS = YES;
				CLANG_WARN_STRICT_PROTOTYPES = YES;
				CLANG_WARN_SUSPICIOUS_MOVE = YES;
				CLANG_WARN_UNGUARDED_AVAILABILITY = YES_AGGRESSIVE;
				CLANG_WARN_UNREACHABLE_CODE = YES;
				CLANG_WARN__DUPLICATE_METHOD_MATCH = YES;
				COPY_PHASE_STRIP = NO;
				DEBUG_INFORMATION_FORMAT = "dwarf-with-dsym";
				ENABLE_NS_ASSERTIONS = NO;
				ENABLE_STRICT_OBJC_MSGSEND = YES;
				ENABLE_USER_SCRIPT_SANDBOXING = YES;
				GCC_C_LANGUAGE_STANDARD = gnu17;
				GCC_NO_COMMON_BLOCKS = YES;
				GCC_WARN_64_TO_32_BIT_CONVERSION = YES;
				GCC_WARN_ABOUT_RETURN_TYPE = YES_ERROR;
				GCC_WARN_UNDECLARED_SELECTOR = YES;
				GCC_WARN_UNINITIALIZED_AUTOS = YES_AGGRESSIVE;
				GCC_WARN_UNUSED_FUNCTION = YES;
				GCC_WARN_UNUSED_VARIABLE = YES;
				IPHONEOS_DEPLOYMENT_TARGET = 17.0;
				LOCALIZATION_PREFERS_STRING_CATALOGS = YES;
				MTL_ENABLE_DEBUG_INFO = NO;
				MTL_FAST_MATH = YES;
				SDKROOT = iphoneos;
				SWIFT_COMPILATION_MODE = wholemodule;
				VALIDATE_PRODUCT = YES;
			};
			name = Release;
		};
		41E02E8B2AE711E70055513D /* Debug */ = {
			isa = XCBuildConfiguration;
			buildSettings = {
				ASSETCATALOG_COMPILER_APPICON_NAME = AppIcon;
				ASSETCATALOG_COMPILER_GLOBAL_ACCENT_COLOR_NAME = AccentColor;
				CODE_SIGN_STYLE = Automatic;
				CURRENT_PROJECT_VERSION = 1;
				DEVELOPMENT_TEAM = H6A8FF2GG8;
				GENERATE_INFOPLIST_FILE = YES;
				INFOPLIST_FILE = FoodTube/Info.plist;
				INFOPLIST_KEY_UIApplicationSupportsIndirectInputEvents = YES;
				INFOPLIST_KEY_UILaunchStoryboardName = LaunchScreen;
				INFOPLIST_KEY_UISupportedInterfaceOrientations_iPad = "UIInterfaceOrientationPortrait UIInterfaceOrientationPortraitUpsideDown UIInterfaceOrientationLandscapeLeft UIInterfaceOrientationLandscapeRight";
				INFOPLIST_KEY_UISupportedInterfaceOrientations_iPhone = "UIInterfaceOrientationPortrait UIInterfaceOrientationLandscapeLeft UIInterfaceOrientationLandscapeRight";
				LD_RUNPATH_SEARCH_PATHS = (
					"$(inherited)",
					"@executable_path/Frameworks",
				);
				MARKETING_VERSION = 1.0;
				PRODUCT_BUNDLE_IDENTIFIER = keremdemir.FoodTube;
				PRODUCT_NAME = "$(TARGET_NAME)";
				SWIFT_EMIT_LOC_STRINGS = YES;
				SWIFT_VERSION = 5.0;
				TARGETED_DEVICE_FAMILY = "1,2";
			};
			name = Debug;
		};
		41E02E8C2AE711E70055513D /* Release */ = {
			isa = XCBuildConfiguration;
			buildSettings = {
				ASSETCATALOG_COMPILER_APPICON_NAME = AppIcon;
				ASSETCATALOG_COMPILER_GLOBAL_ACCENT_COLOR_NAME = AccentColor;
				CODE_SIGN_STYLE = Automatic;
				CURRENT_PROJECT_VERSION = 1;
				DEVELOPMENT_TEAM = H6A8FF2GG8;
				GENERATE_INFOPLIST_FILE = YES;
				INFOPLIST_FILE = FoodTube/Info.plist;
				INFOPLIST_KEY_UIApplicationSupportsIndirectInputEvents = YES;
				INFOPLIST_KEY_UILaunchStoryboardName = LaunchScreen;
				INFOPLIST_KEY_UISupportedInterfaceOrientations_iPad = "UIInterfaceOrientationPortrait UIInterfaceOrientationPortraitUpsideDown UIInterfaceOrientationLandscapeLeft UIInterfaceOrientationLandscapeRight";
				INFOPLIST_KEY_UISupportedInterfaceOrientations_iPhone = "UIInterfaceOrientationPortrait UIInterfaceOrientationLandscapeLeft UIInterfaceOrientationLandscapeRight";
				LD_RUNPATH_SEARCH_PATHS = (
					"$(inherited)",
					"@executable_path/Frameworks",
				);
				MARKETING_VERSION = 1.0;
				PRODUCT_BUNDLE_IDENTIFIER = keremdemir.FoodTube;
				PRODUCT_NAME = "$(TARGET_NAME)";
				SWIFT_EMIT_LOC_STRINGS = YES;
				SWIFT_VERSION = 5.0;
				TARGETED_DEVICE_FAMILY = "1,2";
			};
			name = Release;
		};
/* End XCBuildConfiguration section */

/* Begin XCConfigurationList section */
		41E02E712AE711E50055513D /* Build configuration list for PBXProject "FoodTube" */ = {
			isa = XCConfigurationList;
			buildConfigurations = (
				41E02E882AE711E70055513D /* Debug */,
				41E02E892AE711E70055513D /* Release */,
			);
			defaultConfigurationIsVisible = 0;
			defaultConfigurationName = Release;
		};
		41E02E8A2AE711E70055513D /* Build configuration list for PBXNativeTarget "FoodTube" */ = {
			isa = XCConfigurationList;
			buildConfigurations = (
				41E02E8B2AE711E70055513D /* Debug */,
				41E02E8C2AE711E70055513D /* Release */,
			);
			defaultConfigurationIsVisible = 0;
			defaultConfigurationName = Release;
		};
/* End XCConfigurationList section */
	};
	rootObject = 41E02E6E2AE711E50055513D /* Project object */;
}
